
Microsoft Visual Studio Solution File, Format Version 12.00
# Visual Studio Version 16
VisualStudioVersion = 16.0.29806.167
MinimumVisualStudioVersion = 10.0.40219.1
Project("{FAE04EC0-301F-11D3-BF4B-00C04F79EFBC}") = "Reversi_Game", "Reversi_Game\Reversi_Game.csproj", "{E43DAC4E-2EA4-412B-B4A2-EA45008E9243}"
EndProject
Global
	GlobalSection(SolutionConfigurationPlatforms) = preSolution
		Debug|Any CPU = Debug|Any CPU
		Release|Any CPU = Release|Any CPU
	EndGlobalSection
	GlobalSection(ProjectConfigurationPlatforms) = postSolution
		{E43DAC4E-2EA4-412B-B4A2-EA45008E9243}.Debug|Any CPU.ActiveCfg = Debug|Any CPU
		{E43DAC4E-2EA4-412B-B4A2-EA45008E9243}.Debug|Any CPU.Build.0 = Debug|Any CPU
		{E43DAC4E-2EA4-412B-B4A2-EA45008E9243}.Release|Any CPU.ActiveCfg = Release|Any CPU
		{E43DAC4E-2EA4-412B-B4A2-EA45008E9243}.Release|Any CPU.Build.0 = Release|Any CPU
	EndGlobalSection
	GlobalSection(SolutionProperties) = preSolution
		HideSolutionNode = FALSE
	EndGlobalSection
	GlobalSection(ExtensibilityGlobals) = postSolution
		SolutionGuid = {87E821EE-8951-4C3D-B791-015A5C8482B1}
	EndGlobalSection
EndGlobal
